
Microsoft Visual Studio Solution File, Format Version 12.00
# Visual Studio Version 16
VisualStudioVersion = 16.0.30804.86
MinimumVisualStudioVersion = 10.0.40219.1
Project("{9A19103F-16F7-4668-BE54-9A1E7A4F7556}") = "SparkProjects", "SparkProjects\SparkProjects.csproj", "{FEF726C4-9966-4934-A14A-7F7504D6F894}"
EndProject
Project("{FAE04EC0-301F-11D3-BF4B-00C04F79EFBC}") = "GettingData", "GettingData\GettingData.csproj", "{224C6DEB-4D65-4838-9403-1F84D75C9D37}"
EndProject
Global
	GlobalSection(SolutionConfigurationPlatforms) = preSolution
		Debug|Any CPU = Debug|Any CPU
		Release|Any CPU = Release|Any CPU
	EndGlobalSection
	GlobalSection(ProjectConfigurationPlatforms) = postSolution
		{FEF726C4-9966-4934-A14A-7F7504D6F894}.Debug|Any CPU.ActiveCfg = Debug|Any CPU
		{FEF726C4-9966-4934-A14A-7F7504D6F894}.Debug|Any CPU.Build.0 = Debug|Any CPU
		{FEF726C4-9966-4934-A14A-7F7504D6F894}.Release|Any CPU.ActiveCfg = Release|Any CPU
		{FEF726C4-9966-4934-A14A-7F7504D6F894}.Release|Any CPU.Build.0 = Release|Any CPU
		{224C6DEB-4D65-4838-9403-1F84D75C9D37}.Debug|Any CPU.ActiveCfg = Debug|Any CPU
		{224C6DEB-4D65-4838-9403-1F84D75C9D37}.Debug|Any CPU.Build.0 = Debug|Any CPU
		{224C6DEB-4D65-4838-9403-1F84D75C9D37}.Release|Any CPU.ActiveCfg = Release|Any CPU
		{224C6DEB-4D65-4838-9403-1F84D75C9D37}.Release|Any CPU.Build.0 = Release|Any CPU
	EndGlobalSection
	GlobalSection(SolutionProperties) = preSolution
		HideSolutionNode = FALSE
	EndGlobalSection
	GlobalSection(ExtensibilityGlobals) = postSolution
		SolutionGuid = {AD7F5731-1CBD-46A7-B2ED-F7FC3CDC30A7}
	EndGlobalSection
EndGlobal
